{
    "_meta": {
        "hash": {
            "sha256": "3a61509422703c4be0da17bd18b637666c460a7772fb2d7339b643884d6b4401"
        },
        "pipfile-spec": 6,
        "requires": {
            "python_version": "3.11"
        },
        "sources": [
            {
                "name": "pypi",
                "url": "https://pypi.org/simple",
                "verify_ssl": true
            }
        ]
    },
    "default": {
        "flask-logging": {
            "hashes": [
                "sha256:0110cbc46b222b748c2b522215c5dfbc67d82b993f2340ecbd8515c0e7fe8d5f"
            ],
            "index": "pypi",
            "version": "==0.1.3"
        }
    },
    "develop": {}
}
